
Microsoft Visual Studio Solution File, Format Version 12.00
# Visual Studio Version 17
VisualStudioVersion = 17.0.32126.317
MinimumVisualStudioVersion = 10.0.40219.1
Project("{FAE04EC0-301F-11D3-BF4B-00C04F79EFBC}") = "While-Foreach", "While-Foreach\While-Foreach.csproj", "{CE702509-33FF-4B28-85B6-AF208A0559D4}"
EndProject
Global
	GlobalSection(SolutionConfigurationPlatforms) = preSolution
		Debug|Any CPU = Debug|Any CPU
		Release|Any CPU = Release|Any CPU
	EndGlobalSection
	GlobalSection(ProjectConfigurationPlatforms) = postSolution
		{CE702509-33FF-4B28-85B6-AF208A0559D4}.Debug|Any CPU.ActiveCfg = Debug|Any CPU
		{CE702509-33FF-4B28-85B6-AF208A0559D4}.Debug|Any CPU.Build.0 = Debug|Any CPU
		{CE702509-33FF-4B28-85B6-AF208A0559D4}.Release|Any CPU.ActiveCfg = Release|Any CPU
		{CE702509-33FF-4B28-85B6-AF208A0559D4}.Release|Any CPU.Build.0 = Release|Any CPU
	EndGlobalSection
	GlobalSection(SolutionProperties) = preSolution
		HideSolutionNode = FALSE
	EndGlobalSection
	GlobalSection(ExtensibilityGlobals) = postSolution
		SolutionGuid = {B4B9FD85-AEE7-4863-907A-107A440201F4}
	EndGlobalSection
EndGlobal
