
Microsoft Visual Studio Solution File, Format Version 12.00
# Visual Studio Version 17
VisualStudioVersion = 17.0.32126.317
MinimumVisualStudioVersion = 10.0.40219.1
Project("{FAE04EC0-301F-11D3-BF4B-00C04F79EFBC}") = "switch-case", "switch-case\switch-case.csproj", "{1FC7BB30-B4E4-43E4-BB5A-4C0DDFA2204A}"
EndProject
Global
	GlobalSection(SolutionConfigurationPlatforms) = preSolution
		Debug|Any CPU = Debug|Any CPU
		Release|Any CPU = Release|Any CPU
	EndGlobalSection
	GlobalSection(ProjectConfigurationPlatforms) = postSolution
		{1FC7BB30-B4E4-43E4-BB5A-4C0DDFA2204A}.Debug|Any CPU.ActiveCfg = Debug|Any CPU
		{1FC7BB30-B4E4-43E4-BB5A-4C0DDFA2204A}.Debug|Any CPU.Build.0 = Debug|Any CPU
		{1FC7BB30-B4E4-43E4-BB5A-4C0DDFA2204A}.Release|Any CPU.ActiveCfg = Release|Any CPU
		{1FC7BB30-B4E4-43E4-BB5A-4C0DDFA2204A}.Release|Any CPU.Build.0 = Release|Any CPU
	EndGlobalSection
	GlobalSection(SolutionProperties) = preSolution
		HideSolutionNode = FALSE
	EndGlobalSection
	GlobalSection(ExtensibilityGlobals) = postSolution
		SolutionGuid = {776B167C-1E8D-4A5C-94E8-EEF4815F84FA}
	EndGlobalSection
EndGlobal
